{
  "pins" : [
    {
      "identity" : "onesignal-xcframework",
      "kind" : "remoteSourceControl",
      "location" : "https://github.com/OneSignal/OneSignal-XCFramework",
      "state" : {
        "revision" : "2353de6735d1b8090f192e6b1a62faabc43753ac",
        "version" : "5.5.0"
      }
    }
  ],
  "version" : 2
}
